
Microsoft Visual Studio Solution File, Format Version 12.00
# Visual Studio Version 16
VisualStudioVersion = 16.0.29411.108
MinimumVisualStudioVersion = 10.0.40219.1
Project("{FAE04EC0-301F-11D3-BF4B-00C04F79EFBC}") = "MigratoryBirds", "MigratoryBirds\MigratoryBirds.csproj", "{647BA316-79AD-4DBA-B70D-8E6353DDB1E2}"
EndProject
Global
	GlobalSection(SolutionConfigurationPlatforms) = preSolution
		Debug|Any CPU = Debug|Any CPU
		Release|Any CPU = Release|Any CPU
	EndGlobalSection
	GlobalSection(ProjectConfigurationPlatforms) = postSolution
		{647BA316-79AD-4DBA-B70D-8E6353DDB1E2}.Debug|Any CPU.ActiveCfg = Debug|Any CPU
		{647BA316-79AD-4DBA-B70D-8E6353DDB1E2}.Debug|Any CPU.Build.0 = Debug|Any CPU
		{647BA316-79AD-4DBA-B70D-8E6353DDB1E2}.Release|Any CPU.ActiveCfg = Release|Any CPU
		{647BA316-79AD-4DBA-B70D-8E6353DDB1E2}.Release|Any CPU.Build.0 = Release|Any CPU
	EndGlobalSection
	GlobalSection(SolutionProperties) = preSolution
		HideSolutionNode = FALSE
	EndGlobalSection
	GlobalSection(ExtensibilityGlobals) = postSolution
		SolutionGuid = {DF96EDF5-2274-49CB-9C63-EA848BBF14B2}
	EndGlobalSection
EndGlobal
