
Microsoft Visual Studio Solution File, Format Version 12.00
# Visual Studio Version 16
VisualStudioVersion = 16.0.29411.108
MinimumVisualStudioVersion = 10.0.40219.1
Project("{FAE04EC0-301F-11D3-BF4B-00C04F79EFBC}") = "Operators", "Operators\Operators.csproj", "{6E20DDD0-AAAE-45A5-B576-A9F900C03417}"
EndProject
Global
	GlobalSection(SolutionConfigurationPlatforms) = preSolution
		Debug|Any CPU = Debug|Any CPU
		Release|Any CPU = Release|Any CPU
	EndGlobalSection
	GlobalSection(ProjectConfigurationPlatforms) = postSolution
		{6E20DDD0-AAAE-45A5-B576-A9F900C03417}.Debug|Any CPU.ActiveCfg = Debug|Any CPU
		{6E20DDD0-AAAE-45A5-B576-A9F900C03417}.Debug|Any CPU.Build.0 = Debug|Any CPU
		{6E20DDD0-AAAE-45A5-B576-A9F900C03417}.Release|Any CPU.ActiveCfg = Release|Any CPU
		{6E20DDD0-AAAE-45A5-B576-A9F900C03417}.Release|Any CPU.Build.0 = Release|Any CPU
	EndGlobalSection
	GlobalSection(SolutionProperties) = preSolution
		HideSolutionNode = FALSE
	EndGlobalSection
	GlobalSection(ExtensibilityGlobals) = postSolution
		SolutionGuid = {FAA610ED-3EE9-42E0-A43F-71DADBD3C37F}
	EndGlobalSection
EndGlobal
