
Microsoft Visual Studio Solution File, Format Version 12.00
# Visual Studio Version 16
VisualStudioVersion = 16.0.29418.71
MinimumVisualStudioVersion = 10.0.40219.1
Project("{FAE04EC0-301F-11D3-BF4B-00C04F79EFBC}") = "Day8DictionariesMaps", "Day8DictionariesMaps.csproj", "{9B06373B-FBE2-446F-9375-3D2CF113ED6B}"
EndProject
Global
	GlobalSection(SolutionConfigurationPlatforms) = preSolution
		Debug|Any CPU = Debug|Any CPU
		Release|Any CPU = Release|Any CPU
	EndGlobalSection
	GlobalSection(ProjectConfigurationPlatforms) = postSolution
		{9B06373B-FBE2-446F-9375-3D2CF113ED6B}.Debug|Any CPU.ActiveCfg = Debug|Any CPU
		{9B06373B-FBE2-446F-9375-3D2CF113ED6B}.Debug|Any CPU.Build.0 = Debug|Any CPU
		{9B06373B-FBE2-446F-9375-3D2CF113ED6B}.Release|Any CPU.ActiveCfg = Release|Any CPU
		{9B06373B-FBE2-446F-9375-3D2CF113ED6B}.Release|Any CPU.Build.0 = Release|Any CPU
	EndGlobalSection
	GlobalSection(SolutionProperties) = preSolution
		HideSolutionNode = FALSE
	EndGlobalSection
	GlobalSection(ExtensibilityGlobals) = postSolution
		SolutionGuid = {524B7DAB-F468-4737-9B08-917B539C6551}
	EndGlobalSection
EndGlobal
