
Microsoft Visual Studio Solution File, Format Version 12.00
# Visual Studio Version 16
VisualStudioVersion = 16.0.29411.108
MinimumVisualStudioVersion = 10.0.40219.1
Project("{FAE04EC0-301F-11D3-BF4B-00C04F79EFBC}") = "Loops", "Loops\Loops.csproj", "{B3F4EB54-37A7-4DAB-A8B5-5DE850B61DD6}"
EndProject
Global
	GlobalSection(SolutionConfigurationPlatforms) = preSolution
		Debug|Any CPU = Debug|Any CPU
		Release|Any CPU = Release|Any CPU
	EndGlobalSection
	GlobalSection(ProjectConfigurationPlatforms) = postSolution
		{B3F4EB54-37A7-4DAB-A8B5-5DE850B61DD6}.Debug|Any CPU.ActiveCfg = Debug|Any CPU
		{B3F4EB54-37A7-4DAB-A8B5-5DE850B61DD6}.Debug|Any CPU.Build.0 = Debug|Any CPU
		{B3F4EB54-37A7-4DAB-A8B5-5DE850B61DD6}.Release|Any CPU.ActiveCfg = Release|Any CPU
		{B3F4EB54-37A7-4DAB-A8B5-5DE850B61DD6}.Release|Any CPU.Build.0 = Release|Any CPU
	EndGlobalSection
	GlobalSection(SolutionProperties) = preSolution
		HideSolutionNode = FALSE
	EndGlobalSection
	GlobalSection(ExtensibilityGlobals) = postSolution
		SolutionGuid = {AA60EB7A-7FB8-4B86-BF75-B13D56C8ABA5}
	EndGlobalSection
EndGlobal
