
Microsoft Visual Studio Solution File, Format Version 12.00
# Visual Studio Version 16
VisualStudioVersion = 16.0.29326.143
MinimumVisualStudioVersion = 10.0.40219.1
Project("{FAE04EC0-301F-11D3-BF4B-00C04F79EFBC}") = "PlusMinus", "PlusMinus\PlusMinus.csproj", "{DCF8A5CD-FFF0-47D9-B010-813600C9B882}"
EndProject
Global
	GlobalSection(SolutionConfigurationPlatforms) = preSolution
		Debug|Any CPU = Debug|Any CPU
		Release|Any CPU = Release|Any CPU
	EndGlobalSection
	GlobalSection(ProjectConfigurationPlatforms) = postSolution
		{DCF8A5CD-FFF0-47D9-B010-813600C9B882}.Debug|Any CPU.ActiveCfg = Debug|Any CPU
		{DCF8A5CD-FFF0-47D9-B010-813600C9B882}.Debug|Any CPU.Build.0 = Debug|Any CPU
		{DCF8A5CD-FFF0-47D9-B010-813600C9B882}.Release|Any CPU.ActiveCfg = Release|Any CPU
		{DCF8A5CD-FFF0-47D9-B010-813600C9B882}.Release|Any CPU.Build.0 = Release|Any CPU
	EndGlobalSection
	GlobalSection(SolutionProperties) = preSolution
		HideSolutionNode = FALSE
	EndGlobalSection
	GlobalSection(ExtensibilityGlobals) = postSolution
		SolutionGuid = {083F63DF-8D4B-4CC7-884F-80509D566CEB}
	EndGlobalSection
EndGlobal
