
Microsoft Visual Studio Solution File, Format Version 12.00
# Visual Studio Version 16
VisualStudioVersion = 16.0.29411.108
MinimumVisualStudioVersion = 10.0.40219.1
Project("{FAE04EC0-301F-11D3-BF4B-00C04F79EFBC}") = "ClassVInstance", "ClassVInstance\ClassVInstance.csproj", "{A93E0A65-0234-46D8-BFC3-113B2AF393D6}"
EndProject
Global
	GlobalSection(SolutionConfigurationPlatforms) = preSolution
		Debug|Any CPU = Debug|Any CPU
		Release|Any CPU = Release|Any CPU
	EndGlobalSection
	GlobalSection(ProjectConfigurationPlatforms) = postSolution
		{A93E0A65-0234-46D8-BFC3-113B2AF393D6}.Debug|Any CPU.ActiveCfg = Debug|Any CPU
		{A93E0A65-0234-46D8-BFC3-113B2AF393D6}.Debug|Any CPU.Build.0 = Debug|Any CPU
		{A93E0A65-0234-46D8-BFC3-113B2AF393D6}.Release|Any CPU.ActiveCfg = Release|Any CPU
		{A93E0A65-0234-46D8-BFC3-113B2AF393D6}.Release|Any CPU.Build.0 = Release|Any CPU
	EndGlobalSection
	GlobalSection(SolutionProperties) = preSolution
		HideSolutionNode = FALSE
	EndGlobalSection
	GlobalSection(ExtensibilityGlobals) = postSolution
		SolutionGuid = {C018169C-F530-47E9-BE0D-57721F7B3117}
	EndGlobalSection
EndGlobal
