
Microsoft Visual Studio Solution File, Format Version 12.00
# Visual Studio Version 16
VisualStudioVersion = 16.0.29418.71
MinimumVisualStudioVersion = 10.0.40219.1
Project("{FAE04EC0-301F-11D3-BF4B-00C04F79EFBC}") = "HurdleRace", "HurdleRace\HurdleRace.csproj", "{A0F2F9D0-E0A9-4EED-AF88-C3FBCB08483D}"
EndProject
Global
	GlobalSection(SolutionConfigurationPlatforms) = preSolution
		Debug|Any CPU = Debug|Any CPU
		Release|Any CPU = Release|Any CPU
	EndGlobalSection
	GlobalSection(ProjectConfigurationPlatforms) = postSolution
		{A0F2F9D0-E0A9-4EED-AF88-C3FBCB08483D}.Debug|Any CPU.ActiveCfg = Debug|Any CPU
		{A0F2F9D0-E0A9-4EED-AF88-C3FBCB08483D}.Debug|Any CPU.Build.0 = Debug|Any CPU
		{A0F2F9D0-E0A9-4EED-AF88-C3FBCB08483D}.Release|Any CPU.ActiveCfg = Release|Any CPU
		{A0F2F9D0-E0A9-4EED-AF88-C3FBCB08483D}.Release|Any CPU.Build.0 = Release|Any CPU
	EndGlobalSection
	GlobalSection(SolutionProperties) = preSolution
		HideSolutionNode = FALSE
	EndGlobalSection
	GlobalSection(ExtensibilityGlobals) = postSolution
		SolutionGuid = {C58BE93B-813C-4E9A-AF0D-4AD276A7EADA}
	EndGlobalSection
EndGlobal
