
Microsoft Visual Studio Solution File, Format Version 12.00
# Visual Studio Version 16
VisualStudioVersion = 16.0.29411.108
MinimumVisualStudioVersion = 10.0.40219.1
Project("{FAE04EC0-301F-11D3-BF4B-00C04F79EFBC}") = "Kangaroo", "Kangaroo\Kangaroo.csproj", "{966E06B4-4DFA-4AEE-A7F9-0B49B676354C}"
EndProject
Global
	GlobalSection(SolutionConfigurationPlatforms) = preSolution
		Debug|Any CPU = Debug|Any CPU
		Release|Any CPU = Release|Any CPU
	EndGlobalSection
	GlobalSection(ProjectConfigurationPlatforms) = postSolution
		{966E06B4-4DFA-4AEE-A7F9-0B49B676354C}.Debug|Any CPU.ActiveCfg = Debug|Any CPU
		{966E06B4-4DFA-4AEE-A7F9-0B49B676354C}.Debug|Any CPU.Build.0 = Debug|Any CPU
		{966E06B4-4DFA-4AEE-A7F9-0B49B676354C}.Release|Any CPU.ActiveCfg = Release|Any CPU
		{966E06B4-4DFA-4AEE-A7F9-0B49B676354C}.Release|Any CPU.Build.0 = Release|Any CPU
	EndGlobalSection
	GlobalSection(SolutionProperties) = preSolution
		HideSolutionNode = FALSE
	EndGlobalSection
	GlobalSection(ExtensibilityGlobals) = postSolution
		SolutionGuid = {C5B93C6D-9735-4CD2-A45F-A253FE37955F}
	EndGlobalSection
EndGlobal
