
Microsoft Visual Studio Solution File, Format Version 12.00
# Visual Studio Version 16
VisualStudioVersion = 16.0.29418.71
MinimumVisualStudioVersion = 10.0.40219.1
Project("{FAE04EC0-301F-11D3-BF4B-00C04F79EFBC}") = "UtopianTree", "UtopianTree\UtopianTree.csproj", "{5A063FCE-955C-4B8D-90DB-ABC35C1206B0}"
EndProject
Global
	GlobalSection(SolutionConfigurationPlatforms) = preSolution
		Debug|Any CPU = Debug|Any CPU
		Release|Any CPU = Release|Any CPU
	EndGlobalSection
	GlobalSection(ProjectConfigurationPlatforms) = postSolution
		{5A063FCE-955C-4B8D-90DB-ABC35C1206B0}.Debug|Any CPU.ActiveCfg = Debug|Any CPU
		{5A063FCE-955C-4B8D-90DB-ABC35C1206B0}.Debug|Any CPU.Build.0 = Debug|Any CPU
		{5A063FCE-955C-4B8D-90DB-ABC35C1206B0}.Release|Any CPU.ActiveCfg = Release|Any CPU
		{5A063FCE-955C-4B8D-90DB-ABC35C1206B0}.Release|Any CPU.Build.0 = Release|Any CPU
	EndGlobalSection
	GlobalSection(SolutionProperties) = preSolution
		HideSolutionNode = FALSE
	EndGlobalSection
	GlobalSection(ExtensibilityGlobals) = postSolution
		SolutionGuid = {2BFCE24D-D3F5-46CA-B824-D28C9FB463B0}
	EndGlobalSection
EndGlobal
